
Microsoft Visual Studio Solution File, Format Version 12.00
# Visual Studio Version 17
VisualStudioVersion = 17.4.33213.308
MinimumVisualStudioVersion = 10.0.40219.1
Project("{FAE04EC0-301F-11D3-BF4B-00C04F79EFBC}") = "PolElektronika Kadry", "PolElektronika Kadry.csproj", "{CDB58C0F-7F2A-408F-9B7A-F40A6B77A6B0}"
EndProject
Global
	GlobalSection(SolutionConfigurationPlatforms) = preSolution
		Debug|Any CPU = Debug|Any CPU
		Release|Any CPU = Release|Any CPU
	EndGlobalSection
	GlobalSection(ProjectConfigurationPlatforms) = postSolution
		{CDB58C0F-7F2A-408F-9B7A-F40A6B77A6B0}.Debug|Any CPU.ActiveCfg = Debug|Any CPU
		{CDB58C0F-7F2A-408F-9B7A-F40A6B77A6B0}.Debug|Any CPU.Build.0 = Debug|Any CPU
		{CDB58C0F-7F2A-408F-9B7A-F40A6B77A6B0}.Release|Any CPU.ActiveCfg = Release|Any CPU
		{CDB58C0F-7F2A-408F-9B7A-F40A6B77A6B0}.Release|Any CPU.Build.0 = Release|Any CPU
	EndGlobalSection
	GlobalSection(SolutionProperties) = preSolution
		HideSolutionNode = FALSE
	EndGlobalSection
	GlobalSection(ExtensibilityGlobals) = postSolution
		SolutionGuid = {8EB477AA-98D8-400F-B18A-2C180797D4A7}
	EndGlobalSection
EndGlobal
